<?xml version="1.0" encoding="utf-8"?>
<Project ToolsVersion="4.0" xmlns="http://schemas.microsoft.com/developer/msbuild/2003">
  <ItemGroup>
    <Filter Include="Source Files">
      <UniqueIdentifier>{4FC737F1-C7A5-4376-A066-2A32D752A2FF}</UniqueIdentifier>
      <Extensions>cpp;c;cc;cxx;c++;cppm;ixx;def;odl;idl;hpj;bat;asm;asmx</Extensions>
    </Filter>
    <Filter Include="Header Files">
      <UniqueIdentifier>{93995380-89BD-4b04-88EB-625FBE52EBFB}</UniqueIdentifier>
      <Extensions>h;hh;hpp;hxx;h++;hm;inl;inc;ipp;xsd</Extensions>
    </Filter>
    <Filter Include="Resource Files">
      <UniqueIdentifier>{67DA6AB6-F800-4c08-8B7A-83BB121AAD01}</UniqueIdentifier>
      <Extensions>rc;ico;cur;bmp;dlg;rc2;rct;bin;rgs;gif;jpg;jpeg;jpe;resx;tiff;tif;png;wav;mfcribbon-ms</Extensions>
    </Filter>
  </ItemGroup>
  <ItemGroup>
    <ClInclude Include="Constants.h">
      <Filter>Header Files</Filter>
    </ClInclude>
    <ClInclude Include="Protocol\Packet.h">
      <Filter>Header Files</Filter>
    </ClInclude>
    <ClInclude Include="Protocol\SerDes.h">
      <Filter>Header Files</Filter>
    </ClInclude>
    <ClInclude Include="Protocol\Endian.h">
      <Filter>Header Files</Filter>
    </ClInclude>
    <ClInclude Include="Command\ICommand.h">
      <Filter>Header Files</Filter>
    </ClInclude>
    <ClInclude Include="Command\ACommandStandardMessage.h">
      <Filter>Header Files</Filter>
    </ClInclude>
    <ClInclude Include="Command\Commands.h">
      <Filter>Header Files</Filter>
    </ClInclude>
    <ClInclude Include="Command\ACommandStandardSignal.h">
      <Filter>Header Files</Filter>
    </ClInclude>
    <ClInclude Include="Command\ACommandStandardDoubleString.h">
      <Filter>Header Files</Filter>
    </ClInclude>
    <ClInclude Include="Command\ACommandStandardNumericData.h">
      <Filter>Header Files</Filter>
    </ClInclude>
    <ClInclude Include="Command\ACommandStandardStringList.h">
      <Filter>Header Files</Filter>
    </ClInclude>
    <ClInclude Include="Command\Authentication\S2C_Welcome.h">
      <Filter>Header Files</Filter>
    </ClInclude>
    <ClInclude Include="Translation.h">
      <Filter>Header Files</Filter>
    </ClInclude>
    <ClInclude Include="Command\Authentication\C2S_RequestLogin.h">
      <Filter>Header Files</Filter>
    </ClInclude>
    <ClInclude Include="Hub\Hub.h">
      <Filter>Header Files</Filter>
    </ClInclude>
    <ClInclude Include="User\Session.h">
      <Filter>Header Files</Filter>
    </ClInclude>
    <ClInclude Include="User\User.h">
      <Filter>Header Files</Filter>
    </ClInclude>
    <ClInclude Include="Hub\TicketBooth.h">
      <Filter>Header Files</Filter>
    </ClInclude>
    <ClInclude Include="Hub\Lobby.h">
      <Filter>Header Files</Filter>
    </ClInclude>
    <ClInclude Include="Hub\GameRoom.h">
      <Filter>Header Files</Filter>
    </ClInclude>
    <ClInclude Include="Command\Connection\S2C_DisconnectUser.h">
      <Filter>Header Files</Filter>
    </ClInclude>
    <ClInclude Include="Command\Connection\C2S_RequestLogout.h">
      <Filter>Header Files</Filter>
    </ClInclude>
    <ClInclude Include="Command\Lobby\S2C_NotifyLobbyEntry.h">
      <Filter>Header Files</Filter>
    </ClInclude>
    <ClInclude Include="Command\Lobby\C2S_RequestLobbyInfo.h">
      <Filter>Header Files</Filter>
    </ClInclude>
    <ClInclude Include="Command\Lobby\S2C_SendLobbyInfo.h">
      <Filter>Header Files</Filter>
    </ClInclude>
    <ClInclude Include="Command\Lobby\S2C_SendLobbyUserList.h">
      <Filter>Header Files</Filter>
    </ClInclude>
    <ClInclude Include="Command\Chat\C2S_SendChatMessage.h">
      <Filter>Header Files</Filter>
    </ClInclude>
    <ClInclude Include="Command\Chat\S2C_SendChatMessage.h">
      <Filter>Header Files</Filter>
    </ClInclude>
  </ItemGroup>
  <ItemGroup>
    <ClCompile Include="Protocol\Packet.cpp">
      <Filter>Source Files</Filter>
    </ClCompile>
    <ClCompile Include="Protocol\SerDes.cpp">
      <Filter>Source Files</Filter>
    </ClCompile>
    <ClCompile Include="Command\ACommandStandardMessage.cpp">
      <Filter>Source Files</Filter>
    </ClCompile>
    <ClCompile Include="Command\ACommandStandardSignal.cpp">
      <Filter>Source Files</Filter>
    </ClCompile>
    <ClCompile Include="Command\ACommandStandardDoubleString.cpp">
      <Filter>Source Files</Filter>
    </ClCompile>
    <ClCompile Include="Command\ACommandStandardNumericData.cpp">
      <Filter>Source Files</Filter>
    </ClCompile>
    <ClCompile Include="Command\ACommandStandardStringList.cpp">
      <Filter>Source Files</Filter>
    </ClCompile>
    <ClCompile Include="Hub\Hub.cpp">
      <Filter>Source Files</Filter>
    </ClCompile>
    <ClCompile Include="User\Session.cpp">
      <Filter>Source Files</Filter>
    </ClCompile>
    <ClCompile Include="User\User.cpp">
      <Filter>Source Files</Filter>
    </ClCompile>
    <ClCompile Include="Hub\TicketBooth.cpp">
      <Filter>Source Files</Filter>
    </ClCompile>
    <ClCompile Include="Hub\Lobby.cpp">
      <Filter>Source Files</Filter>
    </ClCompile>
    <ClCompile Include="Hub\GameRoom.cpp">
      <Filter>Source Files</Filter>
    </ClCompile>
    <ClCompile Include="Command\Lobby\C2S_RequestLobbyInfo.cpp">
      <Filter>Source Files</Filter>
    </ClCompile>
  </ItemGroup>
</Project>